
Microsoft Visual Studio Solution File, Format Version 12.00
# Visual Studio Version 17
VisualStudioVersion = 17.5.33502.453
MinimumVisualStudioVersion = 10.0.40219.1
Project("{FAE04EC0-301F-11D3-BF4B-00C04F79EFBC}") = "DAMIER2", "DAMIER2.csproj", "{1B80738A-875C-4883-AF3B-AAEBFEB620C1}"
EndProject
Global
	GlobalSection(SolutionConfigurationPlatforms) = preSolution
		Debug|Any CPU = Debug|Any CPU
		Release|Any CPU = Release|Any CPU
	EndGlobalSection
	GlobalSection(ProjectConfigurationPlatforms) = postSolution
		{1B80738A-875C-4883-AF3B-AAEBFEB620C1}.Debug|Any CPU.ActiveCfg = Debug|Any CPU
		{1B80738A-875C-4883-AF3B-AAEBFEB620C1}.Debug|Any CPU.Build.0 = Debug|Any CPU
		{1B80738A-875C-4883-AF3B-AAEBFEB620C1}.Release|Any CPU.ActiveCfg = Release|Any CPU
		{1B80738A-875C-4883-AF3B-AAEBFEB620C1}.Release|Any CPU.Build.0 = Release|Any CPU
	EndGlobalSection
	GlobalSection(SolutionProperties) = preSolution
		HideSolutionNode = FALSE
	EndGlobalSection
	GlobalSection(ExtensibilityGlobals) = postSolution
		SolutionGuid = {BE63949F-0DE0-40F0-9366-2E3ECF5148C2}
	EndGlobalSection
EndGlobal
